
Microsoft Visual Studio Solution File, Format Version 12.00
# Visual Studio Version 17
VisualStudioVersion = 17.10.35013.160
MinimumVisualStudioVersion = 10.0.40219.1
Project("{9A19103F-16F7-4668-BE54-9A1E7A4F7556}") = "ReCapProject", "ReCapProject\ReCapProject.csproj", "{7A9C80E5-34CA-4651-80A3-0CC6D9B3B2F4}"
EndProject
Project("{9A19103F-16F7-4668-BE54-9A1E7A4F7556}") = "Business", "Business\Business.csproj", "{7EBE0340-E526-4856-A15C-EFD0569C7FCB}"
EndProject
Project("{9A19103F-16F7-4668-BE54-9A1E7A4F7556}") = "DataAccess", "DataAccess\DataAccess.csproj", "{2E2D87D0-4DDF-434D-8EFF-834C4716D491}"
EndProject
Project("{9A19103F-16F7-4668-BE54-9A1E7A4F7556}") = "Entities", "Entities\Entities.csproj", "{FCF2722C-22D7-4E93-A140-5D67EFEC0F49}"
EndProject
Project("{9A19103F-16F7-4668-BE54-9A1E7A4F7556}") = "Core", "Core\Core.csproj", "{F89F9B50-2BEC-4526-A517-87CA1B34CFD0}"
EndProject
Project("{FAE04EC0-301F-11D3-BF4B-00C04F79EFBC}") = "WebAPI", "WebAPI\WebAPI.csproj", "{BD49C17A-F764-4A6D-B99F-C8A983D90CDA}"
EndProject
Global
	GlobalSection(SolutionConfigurationPlatforms) = preSolution
		Debug|Any CPU = Debug|Any CPU
		Release|Any CPU = Release|Any CPU
	EndGlobalSection
	GlobalSection(ProjectConfigurationPlatforms) = postSolution
		{7A9C80E5-34CA-4651-80A3-0CC6D9B3B2F4}.Debug|Any CPU.ActiveCfg = Debug|Any CPU
		{7A9C80E5-34CA-4651-80A3-0CC6D9B3B2F4}.Debug|Any CPU.Build.0 = Debug|Any CPU
		{7A9C80E5-34CA-4651-80A3-0CC6D9B3B2F4}.Release|Any CPU.ActiveCfg = Release|Any CPU
		{7A9C80E5-34CA-4651-80A3-0CC6D9B3B2F4}.Release|Any CPU.Build.0 = Release|Any CPU
		{7EBE0340-E526-4856-A15C-EFD0569C7FCB}.Debug|Any CPU.ActiveCfg = Debug|Any CPU
		{7EBE0340-E526-4856-A15C-EFD0569C7FCB}.Debug|Any CPU.Build.0 = Debug|Any CPU
		{7EBE0340-E526-4856-A15C-EFD0569C7FCB}.Release|Any CPU.ActiveCfg = Release|Any CPU
		{7EBE0340-E526-4856-A15C-EFD0569C7FCB}.Release|Any CPU.Build.0 = Release|Any CPU
		{2E2D87D0-4DDF-434D-8EFF-834C4716D491}.Debug|Any CPU.ActiveCfg = Debug|Any CPU
		{2E2D87D0-4DDF-434D-8EFF-834C4716D491}.Debug|Any CPU.Build.0 = Debug|Any CPU
		{2E2D87D0-4DDF-434D-8EFF-834C4716D491}.Release|Any CPU.ActiveCfg = Release|Any CPU
		{2E2D87D0-4DDF-434D-8EFF-834C4716D491}.Release|Any CPU.Build.0 = Release|Any CPU
		{FCF2722C-22D7-4E93-A140-5D67EFEC0F49}.Debug|Any CPU.ActiveCfg = Debug|Any CPU
		{FCF2722C-22D7-4E93-A140-5D67EFEC0F49}.Debug|Any CPU.Build.0 = Debug|Any CPU
		{FCF2722C-22D7-4E93-A140-5D67EFEC0F49}.Release|Any CPU.ActiveCfg = Release|Any CPU
		{FCF2722C-22D7-4E93-A140-5D67EFEC0F49}.Release|Any CPU.Build.0 = Release|Any CPU
		{F89F9B50-2BEC-4526-A517-87CA1B34CFD0}.Debug|Any CPU.ActiveCfg = Debug|Any CPU
		{F89F9B50-2BEC-4526-A517-87CA1B34CFD0}.Debug|Any CPU.Build.0 = Debug|Any CPU
		{F89F9B50-2BEC-4526-A517-87CA1B34CFD0}.Release|Any CPU.ActiveCfg = Release|Any CPU
		{F89F9B50-2BEC-4526-A517-87CA1B34CFD0}.Release|Any CPU.Build.0 = Release|Any CPU
		{BD49C17A-F764-4A6D-B99F-C8A983D90CDA}.Debug|Any CPU.ActiveCfg = Debug|Any CPU
		{BD49C17A-F764-4A6D-B99F-C8A983D90CDA}.Debug|Any CPU.Build.0 = Debug|Any CPU
		{BD49C17A-F764-4A6D-B99F-C8A983D90CDA}.Release|Any CPU.ActiveCfg = Release|Any CPU
		{BD49C17A-F764-4A6D-B99F-C8A983D90CDA}.Release|Any CPU.Build.0 = Release|Any CPU
	EndGlobalSection
	GlobalSection(SolutionProperties) = preSolution
		HideSolutionNode = FALSE
	EndGlobalSection
	GlobalSection(ExtensibilityGlobals) = postSolution
		SolutionGuid = {B3DFD3F4-E834-43A1-BB9C-AA49B02B2AB0}
	EndGlobalSection
EndGlobal
